<?xml version="1.0" encoding="utf-8"?>
<Project ToolsVersion="4.0" xmlns="http://schemas.microsoft.com/developer/msbuild/2003">
  <ItemGroup>
    <Filter Include="Source Files">
      <UniqueIdentifier>{4FC737F1-C7A5-4376-A066-2A32D752A2FF}</UniqueIdentifier>
      <Extensions>cpp;c;cc;cxx;def;odl;idl;hpj;bat;asm;asmx</Extensions>
    </Filter>
    <Filter Include="Header Files">
      <UniqueIdentifier>{93995380-89BD-4b04-88EB-625FBE52EBFB}</UniqueIdentifier>
      <Extensions>h;hpp;hxx;hm;inl;inc;xsd</Extensions>
    </Filter>
    <Filter Include="Resource Files">
      <UniqueIdentifier>{67DA6AB6-F800-4c08-8B7A-83BB121AAD01}</UniqueIdentifier>
      <Extensions>rc;ico;cur;bmp;dlg;rc2;rct;bin;rgs;gif;jpg;jpeg;jpe;resx;tiff;tif;png;wav;mfcribbon-ms</Extensions>
    </Filter>
    <Filter Include="SidSpectro">
      <UniqueIdentifier>{f5328b39-c4f9-43bb-abad-f1374903ef8a}</UniqueIdentifier>
    </Filter>
    <Filter Include="SidSpectro\Header Files">
      <UniqueIdentifier>{b3f291c5-49d0-445c-82d5-da855e918106}</UniqueIdentifier>
    </Filter>
    <Filter Include="SidSpectro\Source Files">
      <UniqueIdentifier>{cb5ae963-4772-416d-a4d1-62508d482e74}</UniqueIdentifier>
    </Filter>
  </ItemGroup>
  <ItemGroup>
    <ClCompile Include="ModReader.cpp">
      <Filter>Source Files</Filter>
    </ClCompile>
    <ClCompile Include="Song.cpp">
      <Filter>Source Files</Filter>
    </ClCompile>
    <ClCompile Include="NoteExtractor.cpp">
      <Filter>Source Files</Filter>
    </ClCompile>
    <ClCompile Include="SidReader.cpp">
      <Filter>Source Files</Filter>
    </ClCompile>
    <ClCompile Include="siddump.cpp">
      <Filter>Source Files</Filter>
    </ClCompile>
    <ClCompile Include="cpu.cpp">
      <Filter>Source Files</Filter>
    </ClCompile>
    <ClCompile Include="sidspectro\c64.cpp">
      <Filter>SidSpectro\Source Files</Filter>
    </ClCompile>
    <ClCompile Include="sidspectro\cia.cpp">
      <Filter>SidSpectro\Source Files</Filter>
    </ClCompile>
    <ClCompile Include="sidspectro\misc.cpp">
      <Filter>SidSpectro\Source Files</Filter>
    </ClCompile>
    <ClCompile Include="sidspectro\sid.cpp">
      <Filter>SidSpectro\Source Files</Filter>
    </ClCompile>
    <ClCompile Include="sidspectro\sidfile.cpp">
      <Filter>SidSpectro\Source Files</Filter>
    </ClCompile>
    <ClCompile Include="sidspectro\sound.cpp">
      <Filter>SidSpectro\Source Files</Filter>
    </ClCompile>
    <ClCompile Include="sidspectro\tables.cpp">
      <Filter>SidSpectro\Source Files</Filter>
    </ClCompile>
    <ClCompile Include="sidspectro\vic.cpp">
      <Filter>SidSpectro\Source Files</Filter>
    </ClCompile>
    <ClCompile Include="sidspectro\sp_cpu.cpp">
      <Filter>SidSpectro\Source Files</Filter>
    </ClCompile>
  </ItemGroup>
  <ItemGroup>
    <ClInclude Include="ModReader.h">
      <Filter>Header Files</Filter>
    </ClInclude>
    <ClInclude Include="Song.h">
      <Filter>Header Files</Filter>
    </ClInclude>
    <ClInclude Include="NoteExtractor.h">
      <Filter>Header Files</Filter>
    </ClInclude>
    <ClInclude Include="SidReader.h">
      <Filter>Header Files</Filter>
    </ClInclude>
    <ClInclude Include="cpu.h">
      <Filter>Header Files</Filter>
    </ClInclude>
    <ClInclude Include="sidspectro\cia.h">
      <Filter>SidSpectro\Header Files</Filter>
    </ClInclude>
    <ClInclude Include="sidspectro\c64.h">
      <Filter>SidSpectro\Header Files</Filter>
    </ClInclude>
    <ClInclude Include="sidspectro\sid.h">
      <Filter>SidSpectro\Header Files</Filter>
    </ClInclude>
    <ClInclude Include="sidspectro\misc.h">
      <Filter>SidSpectro\Header Files</Filter>
    </ClInclude>
    <ClInclude Include="sidspectro\sidfile.h">
      <Filter>SidSpectro\Header Files</Filter>
    </ClInclude>
    <ClInclude Include="sidspectro\tables.h">
      <Filter>SidSpectro\Header Files</Filter>
    </ClInclude>
    <ClInclude Include="sidspectro\sound.h">
      <Filter>SidSpectro\Header Files</Filter>
    </ClInclude>
    <ClInclude Include="sidspectro\vic.h">
      <Filter>SidSpectro\Header Files</Filter>
    </ClInclude>
    <ClInclude Include="sidspectro\sp_cpu.h">
      <Filter>SidSpectro\Header Files</Filter>
    </ClInclude>
  </ItemGroup>
  <ItemGroup>
    <None Include="..\..\..\..\c++\Libs\MUSIC\libmikmod-3.3.10\docs\mikmod.html" />
  </ItemGroup>
</Project>